
Microsoft Visual Studio Solution File, Format Version 12.00
# Visual Studio Version 16
VisualStudioVersion = 16.0.31205.134
MinimumVisualStudioVersion = 10.0.40219.1
Project("{FAE04EC0-301F-11D3-BF4B-00C04F79EFBC}") = "section15.exercises", "section15.exercises\section15.exercises.csproj", "{9C405F40-E35F-4C1C-BEE0-7C8886C64526}"
EndProject
Project("{FAE04EC0-301F-11D3-BF4B-00C04F79EFBC}") = "ProposedExerciseAboutSets", "ProposedExerciseAboutSets\ProposedExerciseAboutSets.csproj", "{D9C3B8FC-BC00-46FC-8110-031852CB1CD9}"
EndProject
Global
	GlobalSection(SolutionConfigurationPlatforms) = preSolution
		Debug|Any CPU = Debug|Any CPU
		Release|Any CPU = Release|Any CPU
	EndGlobalSection
	GlobalSection(ProjectConfigurationPlatforms) = postSolution
		{9C405F40-E35F-4C1C-BEE0-7C8886C64526}.Debug|Any CPU.ActiveCfg = Debug|Any CPU
		{9C405F40-E35F-4C1C-BEE0-7C8886C64526}.Debug|Any CPU.Build.0 = Debug|Any CPU
		{9C405F40-E35F-4C1C-BEE0-7C8886C64526}.Release|Any CPU.ActiveCfg = Release|Any CPU
		{9C405F40-E35F-4C1C-BEE0-7C8886C64526}.Release|Any CPU.Build.0 = Release|Any CPU
		{D9C3B8FC-BC00-46FC-8110-031852CB1CD9}.Debug|Any CPU.ActiveCfg = Debug|Any CPU
		{D9C3B8FC-BC00-46FC-8110-031852CB1CD9}.Debug|Any CPU.Build.0 = Debug|Any CPU
		{D9C3B8FC-BC00-46FC-8110-031852CB1CD9}.Release|Any CPU.ActiveCfg = Release|Any CPU
		{D9C3B8FC-BC00-46FC-8110-031852CB1CD9}.Release|Any CPU.Build.0 = Release|Any CPU
	EndGlobalSection
	GlobalSection(SolutionProperties) = preSolution
		HideSolutionNode = FALSE
	EndGlobalSection
	GlobalSection(ExtensibilityGlobals) = postSolution
		SolutionGuid = {667199FF-BEEE-41CA-A400-9930EFFFFCCA}
	EndGlobalSection
EndGlobal
